// !$*UTF8*$!
{
	archiveVersion = 1;
	classes = {
	};
	objectVersion = 46;
	objects = {

/* Begin PBXBuildFile section */
		C7AA2FDD1D892AB700FE3C51 /* main.m in Sources */ = {isa = PBXBuildFile; fileRef = C7AA2FDC1D892AB700FE3C51 /* main.m */; };
		C7AA2FE01D892AB700FE3C51 /* AppDelegate.m in Sources */ = {isa = PBXBuildFile; fileRef = C7AA2FDF1D892AB700FE3C51 /* AppDelegate.m */; };
		C7AA2FE31D892AB700FE3C51 /* ViewController.m in Sources */ = {isa = PBXBuildFile; fileRef = C7AA2FE21D892AB700FE3C51 /* ViewController.m */; };
		C7AA2FE61D892AB700FE3C51 /* Main.storyboard in Resources */ = {isa = PBXBuildFile; fileRef = C7AA2FE41D892AB700FE3C51 /* Main.storyboard */; };
		C7AA2FE81D892AB700FE3C51 /* Assets.xcassets in Resources */ = {isa = PBXBuildFile; fileRef = C7AA2FE71D892AB700FE3C51 /* Assets.xcassets */; };
		C7AA2FEB1D892AB700FE3C51 /* LaunchScreen.storyboard in Resources */ = {isa = PBXBuildFile; fileRef = C7AA2FE91D892AB700FE3C51 /* LaunchScreen.storyboard */; };
/* End PBXBuildFile section */

/* Begin PBXFileReference section */
		C7AA2FD81D892AB700FE3C51 /* 正则表达式.app */ = {isa = PBXFileReference; explicitFileType = wrapper.application; includeInIndex = 0; path = "正则表达式.app"; sourceTree = BUILT_PRODUCTS_DIR; };
		C7AA2FDC1D892AB700FE3C51 /* main.m */ = {isa = PBXFileReference; lastKnownFileType = sourcecode.c.objc; path = main.m; sourceTree = "<group>"; };
		C7AA2FDE1D892AB700FE3C51 /* AppDelegate.h */ = {isa = PBXFileReference; lastKnownFileType = sourcecode.c.h; path = AppDelegate.h; sourceTree = "<group>"; };
		C7AA2FDF1D892AB700FE3C51 /* AppDelegate.m */ = {isa = PBXFileReference; lastKnownFileType = sourcecode.c.objc; path = AppDelegate.m; sourceTree = "<group>"; };
		C7AA2FE11D892AB700FE3C51 /* ViewController.h */ = {isa = PBXFileReference; lastKnownFileType = sourcecode.c.h; path = ViewController.h; sourceTree = "<group>"; };
		C7AA2FE21D892AB700FE3C51 /* ViewController.m */ = {isa = PBXFileReference; lastKnownFileType = sourcecode.c.objc; path = ViewController.m; sourceTree = "<group>"; };
		C7AA2FE51D892AB700FE3C51 /* Base */ = {isa = PBXFileReference; lastKnownFileType = file.storyboard; name = Base; path = Base.lproj/Main.storyboard; sourceTree = "<group>"; };
		C7AA2FE71D892AB700FE3C51 /* Assets.xcassets */ = {isa = PBXFileReference; lastKnownFileType = folder.assetcatalog; path = Assets.xcassets; sourceTree = "<group>"; };
		C7AA2FEA1D892AB700FE3C51 /* Base */ = {isa = PBXFileReference; lastKnownFileType = file.storyboard; name = Base; path = Base.lproj/LaunchScreen.storyboard; sourceTree = "<group>"; };
		C7AA2FEC1D892AB700FE3C51 /* Info.plist */ = {isa = PBXFileReference; lastKnownFileType = text.plist.xml; path = Info.plist; sourceTree = "<group>"; };
/* End PBXFileReference section */

/* Begin PBXFrameworksBuildPhase section */
		C7AA2FD51D892AB700FE3C51 /* Frameworks */ = {
			isa = PBXFrameworksBuildPhase;
			buildActionMask = 2147483647;
			files = (
			);
			runOnlyForDeploymentPostprocessing = 0;
		};
/* End PBXFrameworksBuildPhase section */

/* Begin PBXGroup section */
		C7AA2FCF1D892AB700FE3C51 = {
			isa = PBXGroup;
			children = (
				C7AA2FDA1D892AB700FE3C51 /* 正则表达式 */,
				C7AA2FD91D892AB700FE3C51 /* Products */,
			);
			sourceTree = "<group>";
		};
		C7AA2FD91D892AB700FE3C51 /* Products */ = {
			isa = PBXGroup;
			children = (
				C7AA2FD81D892AB700FE3C51 /* 正则表达式.app */,
			);
			name = Products;
			sourceTree = "<group>";
		};
		C7AA2FDA1D892AB700FE3C51 /* 正则表达式 */ = {
			isa = PBXGroup;
			children = (
				C7AA2FDE1D892AB700FE3C51 /* AppDelegate.h */,
				C7AA2FDF1D892AB700FE3C51 /* AppDelegate.m */,
				C7AA2FE11D892AB700FE3C51 /* ViewController.h */,
				C7AA2FE21D892AB700FE3C51 /* ViewController.m */,
				C7AA2FE41D892AB700FE3C51 /* Main.storyboard */,
				C7AA2FE71D892AB700FE3C51 /* Assets.xcassets */,
				C7AA2FE91D892AB700FE3C51 /* LaunchScreen.storyboard */,
				C7AA2FEC1D892AB700FE3C51 /* Info.plist */,
				C7AA2FDB1D892AB700FE3C51 /* Supporting Files */,
			);
			path = "正则表达式";
			sourceTree = "<group>";
		};
		C7AA2FDB1D892AB700FE3C51 /* Supporting Files */ = {
			isa = PBXGroup;
			children = (
				C7AA2FDC1D892AB700FE3C51 /* main.m */,
			);
			name = "Supporting Files";
			sourceTree = "<group>";
		};
/* End PBXGroup section */

/* Begin PBXNativeTarget section */
		C7AA2FD71D892AB700FE3C51 /* 正则表达式 */ = {
			isa = PBXNativeTarget;
			buildConfigurationList = C7AA2FEF1D892AB700FE3C51 /* Build configuration list for PBXNativeTarget "正则表达式" */;
			buildPhases = (
				C7AA2FD41D892AB700FE3C51 /* Sources */,
				C7AA2FD51D892AB700FE3C51 /* Frameworks */,
				C7AA2FD61D892AB700FE3C51 /* Resources */,
			);
			buildRules = (
			);
			dependencies = (
			);
			name = "正则表达式";
			productName = "正则表达式";
			productReference = C7AA2FD81D892AB700FE3C51 /* 正则表达式.app */;
			productType = "com.apple.product-type.application";
		};
/* End PBXNativeTarget section */

/* Begin PBXProject section */
		C7AA2FD01D892AB700FE3C51 /* Project object */ = {
			isa = PBXProject;
			attributes = {
				LastUpgradeCheck = 0720;
				ORGANIZATIONNAME = "彭冲--O(∩_∩)O哈哈哈~";
				TargetAttributes = {
					C7AA2FD71D892AB700FE3C51 = {
						CreatedOnToolsVersion = 7.2;
					};
				};
			};
			buildConfigurationList = C7AA2FD31D892AB700FE3C51 /* Build configuration list for PBXProject "正则表达式" */;
			compatibilityVersion = "Xcode 3.2";
			developmentRegion = English;
			hasScannedForEncodings = 0;
			knownRegions = (
				en,
				Base,
			);
			mainGroup = C7AA2FCF1D892AB700FE3C51;
			productRefGroup = C7AA2FD91D892AB700FE3C51 /* Products */;
			projectDirPath = "";
			projectRoot = "";
			targets = (
				C7AA2FD71D892AB700FE3C51 /* 正则表达式 */,
			);
		};
/* End PBXProject section */

/* Begin PBXResourcesBuildPhase section */
		C7AA2FD61D892AB700FE3C51 /* Resources */ = {
			isa = PBXResourcesBuildPhase;
			buildActionMask = 2147483647;
			files = (
				C7AA2FEB1D892AB700FE3C51 /* LaunchScreen.storyboard in Resources */,
				C7AA2FE81D892AB700FE3C51 /* Assets.xcassets in Resources */,
				C7AA2FE61D892AB700FE3C51 /* Main.storyboard in Resources */,
			);
			runOnlyForDeploymentPostprocessing = 0;
		};
/* End PBXResourcesBuildPhase section */

/* Begin PBXSourcesBuildPhase section */
		C7AA2FD41D892AB700FE3C51 /* Sources */ = {
			isa = PBXSourcesBuildPhase;
			buildActionMask = 2147483647;
			files = (
				C7AA2FE31D892AB700FE3C51 /* ViewController.m in Sources */,
				C7AA2FE01D892AB700FE3C51 /* AppDelegate.m in Sources */,
				C7AA2FDD1D892AB700FE3C51 /* main.m in Sources */,
			);
			runOnlyForDeploymentPostprocessing = 0;
		};
/* End PBXSourcesBuildPhase section */

/* Begin PBXVariantGroup section */
		C7AA2FE41D892AB700FE3C51 /* Main.storyboard */ = {
			isa = PBXVariantGroup;
			children = (
				C7AA2FE51D892AB700FE3C51 /* Base */,
			);
			name = Main.storyboard;
			sourceTree = "<group>";
		};
		C7AA2FE91D892AB700FE3C51 /* LaunchScreen.storyboard */ = {
			isa = PBXVariantGroup;
			children = (
				C7AA2FEA1D892AB700FE3C51 /* Base */,
			);
			name = LaunchScreen.storyboard;
			sourceTree = "<group>";
		};
/* End PBXVariantGroup section */

/* Begin XCBuildConfiguration section */
		C7AA2FED1D892AB700FE3C51 /* Debug */ = {
			isa = XCBuildConfiguration;
			buildSettings = {
				ALWAYS_SEARCH_USER_PATHS = NO;
				CLANG_CXX_LANGUAGE_STANDARD = "gnu++0x";
				CLANG_CXX_LIBRARY = "libc++";
				CLANG_ENABLE_MODULES = YES;
				CLANG_ENABLE_OBJC_ARC = YES;
				CLANG_WARN_BOOL_CONVERSION = YES;
				CLANG_WARN_CONSTANT_CONVERSION = YES;
				CLANG_WARN_DIRECT_OBJC_ISA_USAGE = YES_ERROR;
				CLANG_WARN_EMPTY_BODY = YES;
				CLANG_WARN_ENUM_CONVERSION = YES;
				CLANG_WARN_INT_CONVERSION = YES;
				CLANG_WARN_OBJC_ROOT_CLASS = YES_ERROR;
				CLANG_WARN_UNREACHABLE_CODE = YES;
				CLANG_WARN__DUPLICATE_METHOD_MATCH = YES;
				"CODE_SIGN_IDENTITY[sdk=iphoneos*]" = "iPhone Developer";
				COPY_PHASE_STRIP = NO;
				DEBUG_INFORMATION_FORMAT = dwarf;
				ENABLE_STRICT_OBJC_MSGSEND = YES;
				ENABLE_TESTABILITY = YES;
				GCC_C_LANGUAGE_STANDARD = gnu99;
				GCC_DYNAMIC_NO_PIC = NO;
				GCC_NO_COMMON_BLOCKS = YES;
				GCC_OPTIMIZATION_LEVEL = 0;
				GCC_PREPROCESSOR_DEFINITIONS = (
					"DEBUG=1",
					"$(inherited)",
				);
				GCC_WARN_64_TO_32_BIT_CONVERSION = YES;
				GCC_WARN_ABOUT_RETURN_TYPE = YES_ERROR;
				GCC_WARN_UNDECLARED_SELECTOR = YES;
				GCC_WARN_UNINITIALIZED_AUTOS = YES_AGGRESSIVE;
				GCC_WARN_UNUSED_FUNCTION = YES;
				GCC_WARN_UNUSED_VARIABLE = YES;
				IPHONEOS_DEPLOYMENT_TARGET = 9.2;
				MTL_ENABLE_DEBUG_INFO = YES;
				ONLY_ACTIVE_ARCH = YES;
				SDKROOT = iphoneos;
			};
			name = Debug;
		};
		C7AA2FEE1D892AB700FE3C51 /* Release */ = {
			isa = XCBuildConfiguration;
			buildSettings = {
				ALWAYS_SEARCH_USER_PATHS = NO;
				CLANG_CXX_LANGUAGE_STANDARD = "gnu++0x";
				CLANG_CXX_LIBRARY = "libc++";
				CLANG_ENABLE_MODULES = YES;
				CLANG_ENABLE_OBJC_ARC = YES;
				CLANG_WARN_BOOL_CONVERSION = YES;
				CLANG_WARN_CONSTANT_CONVERSION = YES;
				CLANG_WARN_DIRECT_OBJC_ISA_USAGE = YES_ERROR;
				CLANG_WARN_EMPTY_BODY = YES;
				CLANG_WARN_ENUM_CONVERSION = YES;
				CLANG_WARN_INT_CONVERSION = YES;
				CLANG_WARN_OBJC_ROOT_CLASS = YES_ERROR;
				CLANG_WARN_UNREACHABLE_CODE = YES;
				CLANG_WARN__DUPLICATE_METHOD_MATCH = YES;
				"CODE_SIGN_IDENTITY[sdk=iphoneos*]" = "iPhone Developer";
				COPY_PHASE_STRIP = NO;
				DEBUG_INFORMATION_FORMAT = "dwarf-with-dsym";
				ENABLE_NS_ASSERTIONS = NO;
				ENABLE_STRICT_OBJC_MSGSEND = YES;
				GCC_C_LANGUAGE_STANDARD = gnu99;
				GCC_NO_COMMON_BLOCKS = YES;
				GCC_WARN_64_TO_32_BIT_CONVERSION = YES;
				GCC_WARN_ABOUT_RETURN_TYPE = YES_ERROR;
				GCC_WARN_UNDECLARED_SELECTOR = YES;
				GCC_WARN_UNINITIALIZED_AUTOS = YES_AGGRESSIVE;
				GCC_WARN_UNUSED_FUNCTION = YES;
				GCC_WARN_UNUSED_VARIABLE = YES;
				IPHONEOS_DEPLOYMENT_TARGET = 9.2;
				MTL_ENABLE_DEBUG_INFO = NO;
				SDKROOT = iphoneos;
				VALIDATE_PRODUCT = YES;
			};
			name = Release;
		};
		C7AA2FF01D892AB700FE3C51 /* Debug */ = {
			isa = XCBuildConfiguration;
			buildSettings = {
				ASSETCATALOG_COMPILER_APPICON_NAME = AppIcon;
				INFOPLIST_FILE = "正则表达式/Info.plist";
				LD_RUNPATH_SEARCH_PATHS = "$(inherited) @executable_path/Frameworks";
				PRODUCT_BUNDLE_IDENTIFIER = "via.-----";
				PRODUCT_NAME = "$(TARGET_NAME)";
			};
			name = Debug;
		};
		C7AA2FF11D892AB700FE3C51 /* Release */ = {
			isa = XCBuildConfiguration;
			buildSettings = {
				ASSETCATALOG_COMPILER_APPICON_NAME = AppIcon;
				INFOPLIST_FILE = "正则表达式/Info.plist";
				LD_RUNPATH_SEARCH_PATHS = "$(inherited) @executable_path/Frameworks";
				PRODUCT_BUNDLE_IDENTIFIER = "via.-----";
				PRODUCT_NAME = "$(TARGET_NAME)";
			};
			name = Release;
		};
/* End XCBuildConfiguration section */

/* Begin XCConfigurationList section */
		C7AA2FD31D892AB700FE3C51 /* Build configuration list for PBXProject "正则表达式" */ = {
			isa = XCConfigurationList;
			buildConfigurations = (
				C7AA2FED1D892AB700FE3C51 /* Debug */,
				C7AA2FEE1D892AB700FE3C51 /* Release */,
			);
			defaultConfigurationIsVisible = 0;
			defaultConfigurationName = Release;
		};
		C7AA2FEF1D892AB700FE3C51 /* Build configuration list for PBXNativeTarget "正则表达式" */ = {
			isa = XCConfigurationList;
			buildConfigurations = (
				C7AA2FF01D892AB700FE3C51 /* Debug */,
				C7AA2FF11D892AB700FE3C51 /* Release */,
			);
			defaultConfigurationIsVisible = 0;
		};
/* End XCConfigurationList section */
	};
	rootObject = C7AA2FD01D892AB700FE3C51 /* Project object */;
}
